{
  "originHash" : "b7745c74c713f0459445cfebfd2d6941db79cc943a9e5d359ea03f5d085942d3",
  "pins" : [
    {
      "identity" : "bryxbanner",
      "kind" : "remoteSourceControl",
      "location" : "https://github.com/bryx-inc/BRYXBanner",
      "state" : {
        "revision" : "1d00ffc19c379253712a5792a7f5121fa0d66243",
        "version" : "0.8.5"
      }
    }
  ],
  "version" : 3
}
